
Microsoft Visual Studio Solution File, Format Version 12.00
# Visual Studio Version 16
VisualStudioVersion = 16.0.30907.101
MinimumVisualStudioVersion = 10.0.40219.1
Project("{FAE04EC0-301F-11D3-BF4B-00C04F79EFBC}") = "Apply", "Apply\Apply.csproj", "{4219BC5E-A309-452C-A11C-A509C45DDFF3}"
EndProject
Global
	GlobalSection(SolutionConfigurationPlatforms) = preSolution
		Debug|Any CPU = Debug|Any CPU
		Release|Any CPU = Release|Any CPU
	EndGlobalSection
	GlobalSection(ProjectConfigurationPlatforms) = postSolution
		{4219BC5E-A309-452C-A11C-A509C45DDFF3}.Debug|Any CPU.ActiveCfg = Debug|Any CPU
		{4219BC5E-A309-452C-A11C-A509C45DDFF3}.Debug|Any CPU.Build.0 = Debug|Any CPU
		{4219BC5E-A309-452C-A11C-A509C45DDFF3}.Release|Any CPU.ActiveCfg = Release|Any CPU
		{4219BC5E-A309-452C-A11C-A509C45DDFF3}.Release|Any CPU.Build.0 = Release|Any CPU
	EndGlobalSection
	GlobalSection(SolutionProperties) = preSolution
		HideSolutionNode = FALSE
	EndGlobalSection
	GlobalSection(ExtensibilityGlobals) = postSolution
		SolutionGuid = {67A891A8-709D-440C-B5E0-F2C192DAC6CB}
	EndGlobalSection
EndGlobal
