
Microsoft Visual Studio Solution File, Format Version 12.00
# Visual Studio Version 16
VisualStudioVersion = 16.0.30907.101
MinimumVisualStudioVersion = 10.0.40219.1
Project("{FAE04EC0-301F-11D3-BF4B-00C04F79EFBC}") = "Main Page", "Main Page\Main Page.csproj", "{5195CF5A-6CCF-4CE0-ADE3-27102872A973}"
EndProject
Global
	GlobalSection(SolutionConfigurationPlatforms) = preSolution
		Debug|Any CPU = Debug|Any CPU
		Release|Any CPU = Release|Any CPU
	EndGlobalSection
	GlobalSection(ProjectConfigurationPlatforms) = postSolution
		{5195CF5A-6CCF-4CE0-ADE3-27102872A973}.Debug|Any CPU.ActiveCfg = Debug|Any CPU
		{5195CF5A-6CCF-4CE0-ADE3-27102872A973}.Debug|Any CPU.Build.0 = Debug|Any CPU
		{5195CF5A-6CCF-4CE0-ADE3-27102872A973}.Release|Any CPU.ActiveCfg = Release|Any CPU
		{5195CF5A-6CCF-4CE0-ADE3-27102872A973}.Release|Any CPU.Build.0 = Release|Any CPU
	EndGlobalSection
	GlobalSection(SolutionProperties) = preSolution
		HideSolutionNode = FALSE
	EndGlobalSection
	GlobalSection(ExtensibilityGlobals) = postSolution
		SolutionGuid = {38AA8C87-B030-4E19-813F-E67392C23654}
	EndGlobalSection
EndGlobal
